
Microsoft Visual Studio Solution File, Format Version 12.00
# Visual Studio Version 17
VisualStudioVersion = 17.13.35818.85 d17.13
MinimumVisualStudioVersion = 10.0.40219.1
Project("{8BC9CEB8-8B4A-11D0-8D11-00A0C91BC942}") = "Day1", "Day1.vcxproj", "{A2BACAC4-4091-42C4-A9EB-AEEB8BB4E2BC}"
EndProject
Global
	GlobalSection(SolutionConfigurationPlatforms) = preSolution
		Debug|x64 = Debug|x64
		Debug|x86 = Debug|x86
		Release|x64 = Release|x64
		Release|x86 = Release|x86
	EndGlobalSection
	GlobalSection(ProjectConfigurationPlatforms) = postSolution
		{A2BACAC4-4091-42C4-A9EB-AEEB8BB4E2BC}.Debug|x64.ActiveCfg = Debug|x64
		{A2BACAC4-4091-42C4-A9EB-AEEB8BB4E2BC}.Debug|x64.Build.0 = Debug|x64
		{A2BACAC4-4091-42C4-A9EB-AEEB8BB4E2BC}.Debug|x86.ActiveCfg = Debug|Win32
		{A2BACAC4-4091-42C4-A9EB-AEEB8BB4E2BC}.Debug|x86.Build.0 = Debug|Win32
		{A2BACAC4-4091-42C4-A9EB-AEEB8BB4E2BC}.Release|x64.ActiveCfg = Release|x64
		{A2BACAC4-4091-42C4-A9EB-AEEB8BB4E2BC}.Release|x64.Build.0 = Release|x64
		{A2BACAC4-4091-42C4-A9EB-AEEB8BB4E2BC}.Release|x86.ActiveCfg = Release|Win32
		{A2BACAC4-4091-42C4-A9EB-AEEB8BB4E2BC}.Release|x86.Build.0 = Release|Win32
	EndGlobalSection
	GlobalSection(SolutionProperties) = preSolution
		HideSolutionNode = FALSE
	EndGlobalSection
	GlobalSection(ExtensibilityGlobals) = postSolution
		SolutionGuid = {81AC93E0-15A5-4770-A394-E25F9E37591F}
	EndGlobalSection
EndGlobal
