<?xml version="1.0" encoding="utf-8"?>
<Project ToolsVersion="4.0" xmlns="http://schemas.microsoft.com/developer/msbuild/2003">
  <ItemGroup>
    <Filter Include="소스 파일">
      <UniqueIdentifier>{4FC737F1-C7A5-4376-A066-2A32D752A2FF}</UniqueIdentifier>
      <Extensions>cpp;c;cc;cxx;c++;cppm;ixx;def;odl;idl;hpj;bat;asm;asmx</Extensions>
    </Filter>
    <Filter Include="리소스 파일">
      <UniqueIdentifier>{67DA6AB6-F800-4c08-8B7A-83BB121AAD01}</UniqueIdentifier>
      <Extensions>rc;ico;cur;bmp;dlg;rc2;rct;bin;rgs;gif;jpg;jpeg;jpe;resx;tiff;tif;png;wav;mfcribbon-ms</Extensions>
    </Filter>
    <Filter Include="헤더 파일">
      <UniqueIdentifier>{93995380-89BD-4b04-88EB-625FBE52EBFB}</UniqueIdentifier>
      <Extensions>h;hh;hpp;hxx;h++;hm;inl;inc;ipp;xsd</Extensions>
    </Filter>
    <Filter Include="Pointer">
      <UniqueIdentifier>{09be4ff8-a92c-4779-928a-835e4494b3b1}</UniqueIdentifier>
    </Filter>
    <Filter Include="Variable">
      <UniqueIdentifier>{e22ae76b-9832-4efb-9364-59a87578a12d}</UniqueIdentifier>
    </Filter>
    <Filter Include="String">
      <UniqueIdentifier>{a93fceac-0f87-4093-9d9f-67af5e02f089}</UniqueIdentifier>
    </Filter>
    <Filter Include="동적 할당">
      <UniqueIdentifier>{75fa7366-1fec-45cd-89d1-e598c6234300}</UniqueIdentifier>
    </Filter>
  </ItemGroup>
  <ItemGroup>
    <ClCompile Include="data_type.cpp">
      <Filter>소스 파일</Filter>
    </ClCompile>
    <ClCompile Include="operator.cpp">
      <Filter>소스 파일</Filter>
    </ClCompile>
    <ClCompile Include="conditional.cpp">
      <Filter>소스 파일</Filter>
    </ClCompile>
    <ClCompile Include="recursive_func.cpp">
      <Filter>소스 파일</Filter>
    </ClCompile>
    <ClCompile Include="if_else.cpp">
      <Filter>소스 파일</Filter>
    </ClCompile>
    <ClCompile Include="switch_case.cpp">
      <Filter>소스 파일</Filter>
    </ClCompile>
    <ClCompile Include="loop.cpp">
      <Filter>소스 파일</Filter>
    </ClCompile>
    <ClCompile Include="os.cpp">
      <Filter>소스 파일</Filter>
    </ClCompile>
    <ClCompile Include="const.cpp">
      <Filter>Pointer</Filter>
    </ClCompile>
    <ClCompile Include="constpointer.cpp">
      <Filter>Pointer</Filter>
    </ClCompile>
    <ClCompile Include="pointer.cpp">
      <Filter>Pointer</Filter>
    </ClCompile>
    <ClCompile Include="pointer_ex.cpp">
      <Filter>Pointer</Filter>
    </ClCompile>
    <ClCompile Include="pointer_keypoint.cpp">
      <Filter>Pointer</Filter>
    </ClCompile>
    <ClCompile Include="pointerArray.cpp">
      <Filter>Pointer</Filter>
    </ClCompile>
    <ClCompile Include="pointerArray_ex.cpp">
      <Filter>Pointer</Filter>
    </ClCompile>
    <ClCompile Include="local_global_var.cpp">
      <Filter>Variable</Filter>
    </ClCompile>
    <ClCompile Include="local_global_var2.cpp">
      <Filter>Variable</Filter>
    </ClCompile>
    <ClCompile Include="static_extern_var.cpp">
      <Filter>Variable</Filter>
    </ClCompile>
    <ClCompile Include="variable.cpp">
      <Filter>Variable</Filter>
    </ClCompile>
    <ClCompile Include="func.cpp">
      <Filter>Variable</Filter>
    </ClCompile>
    <ClCompile Include="extern_test.cpp">
      <Filter>Variable</Filter>
    </ClCompile>
    <ClCompile Include="char.cpp">
      <Filter>String</Filter>
    </ClCompile>
    <ClCompile Include="string.cpp">
      <Filter>String</Filter>
    </ClCompile>
    <ClCompile Include="string2.cpp">
      <Filter>String</Filter>
    </ClCompile>
    <ClCompile Include="Dynamic_Allocation.cpp">
      <Filter>동적 할당</Filter>
    </ClCompile>
    <ClCompile Include="struct_pointer.cpp">
      <Filter>Pointer</Filter>
    </ClCompile>
    <ClCompile Include="function.cpp">
      <Filter>소스 파일</Filter>
    </ClCompile>
    <ClCompile Include="array.cpp">
      <Filter>소스 파일</Filter>
    </ClCompile>
    <ClCompile Include="struct.cpp">
      <Filter>소스 파일</Filter>
    </ClCompile>
    <ClCompile Include="pointer_basic.cpp">
      <Filter>Pointer</Filter>
    </ClCompile>
    <ClCompile Include="pointer_basic2.cpp">
      <Filter>Pointer</Filter>
    </ClCompile>
  </ItemGroup>
  <ItemGroup>
    <ClInclude Include="func.h">
      <Filter>Variable</Filter>
    </ClInclude>
    <ClInclude Include="common.h">
      <Filter>Variable</Filter>
    </ClInclude>
  </ItemGroup>
</Project>