
Microsoft Visual Studio Solution File, Format Version 12.00
# Visual Studio Version 17
VisualStudioVersion = 17.13.35825.156 d17.13
MinimumVisualStudioVersion = 10.0.40219.1
Project("{8BC9CEB8-8B4A-11D0-8D11-00A0C91BC942}") = "The C programming Language", "The C programming Language.vcxproj", "{D125F6B6-D817-4374-9D58-FECF6933205E}"
EndProject
Global
	GlobalSection(SolutionConfigurationPlatforms) = preSolution
		Debug|x64 = Debug|x64
		Debug|x86 = Debug|x86
		Release|x64 = Release|x64
		Release|x86 = Release|x86
	EndGlobalSection
	GlobalSection(ProjectConfigurationPlatforms) = postSolution
		{D125F6B6-D817-4374-9D58-FECF6933205E}.Debug|x64.ActiveCfg = Debug|x64
		{D125F6B6-D817-4374-9D58-FECF6933205E}.Debug|x64.Build.0 = Debug|x64
		{D125F6B6-D817-4374-9D58-FECF6933205E}.Debug|x86.ActiveCfg = Debug|Win32
		{D125F6B6-D817-4374-9D58-FECF6933205E}.Debug|x86.Build.0 = Debug|Win32
		{D125F6B6-D817-4374-9D58-FECF6933205E}.Release|x64.ActiveCfg = Release|x64
		{D125F6B6-D817-4374-9D58-FECF6933205E}.Release|x64.Build.0 = Release|x64
		{D125F6B6-D817-4374-9D58-FECF6933205E}.Release|x86.ActiveCfg = Release|Win32
		{D125F6B6-D817-4374-9D58-FECF6933205E}.Release|x86.Build.0 = Release|Win32
	EndGlobalSection
	GlobalSection(SolutionProperties) = preSolution
		HideSolutionNode = FALSE
	EndGlobalSection
	GlobalSection(ExtensibilityGlobals) = postSolution
		SolutionGuid = {D876902C-8D28-4512-A18E-44357194206F}
	EndGlobalSection
EndGlobal
